
Microsoft Visual Studio Solution File, Format Version 12.00
# Visual Studio Version 16
VisualStudioVersion = 16.0.31515.178
MinimumVisualStudioVersion = 10.0.40219.1
Project("{FAE04EC0-301F-11D3-BF4B-00C04F79EFBC}") = "Umbraco", "Umbraco\Umbraco.csproj", "{73BF26C3-E9AC-4EE2-AC96-3F7B9C431EB7}"
EndProject
Global
	GlobalSection(SolutionConfigurationPlatforms) = preSolution
		Debug|Any CPU = Debug|Any CPU
		Release|Any CPU = Release|Any CPU
	EndGlobalSection
	GlobalSection(ProjectConfigurationPlatforms) = postSolution
		{73BF26C3-E9AC-4EE2-AC96-3F7B9C431EB7}.Debug|Any CPU.ActiveCfg = Debug|Any CPU
		{73BF26C3-E9AC-4EE2-AC96-3F7B9C431EB7}.Debug|Any CPU.Build.0 = Debug|Any CPU
		{73BF26C3-E9AC-4EE2-AC96-3F7B9C431EB7}.Release|Any CPU.ActiveCfg = Release|Any CPU
		{73BF26C3-E9AC-4EE2-AC96-3F7B9C431EB7}.Release|Any CPU.Build.0 = Release|Any CPU
	EndGlobalSection
	GlobalSection(SolutionProperties) = preSolution
		HideSolutionNode = FALSE
	EndGlobalSection
	GlobalSection(ExtensibilityGlobals) = postSolution
		SolutionGuid = {C246A18F-6C27-4052-9C3A-BC83692E2888}
	EndGlobalSection
EndGlobal
